# Generated by Raz. Do not edit manually.
version = 1

[[package]]
name = "alloc"
version = "1.0.0"
kind = "static-library"
path = "../../../raz/library/packages/alloc"
manifest_hash = "8407a47108008e4"

[[package]]
name = "alloc"
version = "1.0.0"
kind = "static-library"
path = "../../../raz/library/packages/alloc"
manifest_hash = "8407a47108008e4"

[[package]]
name = "archive"
version = "0.1.0"
kind = "static-library"
path = "."
manifest_hash = "827497bae5ec0527"

[[package]]
name = "core"
version = "1.0.0"
kind = "static-library"
path = "../../../raz/library/packages/core"
manifest_hash = "5a32b7e3102fa40e"

[[package]]
name = "core"
version = "1.0.0"
kind = "static-library"
path = "../../../raz/library/packages/core"
manifest_hash = "5a32b7e3102fa40e"

[[package]]
name = "core"
version = "1.0.0"
kind = "static-library"
path = "../../../raz/library/packages/core"
manifest_hash = "5a32b7e3102fa40e"

[[package]]
name = "core"
version = "1.0.0"
kind = "static-library"
path = "../../../raz/library/packages/core"
manifest_hash = "5a32b7e3102fa40e"

[[package]]
name = "std"
version = "1.0.0"
kind = "static-library"
path = "../../../raz/library/packages/std"
manifest_hash = "ed91c0028f122ac"

